
Microsoft Visual Studio Solution File, Format Version 12.00
# Visual Studio 2015
Project("{FAE04EC0-301F-11D3-BF4B-00C04F79EFBC}") = "show-brain-mesh", "show-brain-mesh.csproj", "{BAC61D91-8196-7A48-78A0-145AB475A8A5}"
EndProject
Global
	GlobalSection(SolutionConfigurationPlatforms) = preSolution
		Debug|Any CPU = Debug|Any CPU
		Release|Any CPU = Release|Any CPU
	EndGlobalSection
	GlobalSection(ProjectConfigurationPlatforms) = postSolution
		{BAC61D91-8196-7A48-78A0-145AB475A8A5}.Debug|Any CPU.ActiveCfg = Debug|Any CPU
		{BAC61D91-8196-7A48-78A0-145AB475A8A5}.Debug|Any CPU.Build.0 = Debug|Any CPU
		{BAC61D91-8196-7A48-78A0-145AB475A8A5}.Release|Any CPU.ActiveCfg = Release|Any CPU
		{BAC61D91-8196-7A48-78A0-145AB475A8A5}.Release|Any CPU.Build.0 = Release|Any CPU
	EndGlobalSection
	GlobalSection(SolutionProperties) = preSolution
		HideSolutionNode = FALSE
	EndGlobalSection
EndGlobal
